# This file was generated by Aiken
# You typically do not need to edit this file

[[requirements]]
name = "aiken-lang/stdlib"
version = "main"
source = "github"

[[requirements]]
name = "aiken-lang/fuzz"
version = "main"
source = "github"

[[packages]]
name = "aiken-lang/stdlib"
version = "main"
requirements = []
source = "github"

[[packages]]
name = "aiken-lang/fuzz"
version = "main"
requirements = []
source = "github"

[etags]
"aiken-lang/fuzz@main" = [{ secs_since_epoch = 1733907703, nanos_since_epoch = 148979000 }, "e594326795accb687e9bfacd6a0553eb1d611ba23d5bba31b49ec7fe29445e3c"]
"aiken-lang/stdlib@main" = [{ secs_since_epoch = 1733907702, nanos_since_epoch = 449646000 }, "c4e7d1d330c7621c6d3773699b280c2f3b91eeb2c184f2d7139a66cfc4a9f60f"]
