# This file was generated by Aiken
# You typically do not need to edit this file

[[requirements]]
name = "aiken-lang/stdlib"
version = "main"
source = "github"

[[requirements]]
name = "aiken-lang/fuzz"
version = "main"
source = "github"

[[packages]]
name = "aiken-lang/stdlib"
version = "main"
requirements = []
source = "github"

[[packages]]
name = "aiken-lang/fuzz"
version = "main"
requirements = []
source = "github"

[etags]
"aiken-lang/fuzz@main" = [{ secs_since_epoch = 1736935183, nanos_since_epoch = 201404000 }, "e594326795accb687e9bfacd6a0553eb1d611ba23d5bba31b49ec7fe29445e3c"]
"aiken-lang/stdlib@main" = [{ secs_since_epoch = 1736935182, nanos_since_epoch = 487923000 }, "9191378e1310dcd34d3f8a883f67fb6440c5535897e210e84ba90ec207b884fc"]
