lockfileVersion: '9.0'

settings:
  autoInstallPeers: true
  excludeLinksFromLockfile: false

importers:

  .:
    dependencies:
      '@lucid-evolution/lucid':
        specifier: ^0.4.20
        version: 0.4.20(@harmoniclabs/bytestring@1.0.0)(@harmoniclabs/cbor@1.5.0)(@harmoniclabs/crypto@0.2.5)(@harmoniclabs/pair@1.0.0)(fast-check@3.23.2)
    devDependencies:
      '@types/node':
        specifier: ^22.10.7
        version: 22.10.7
      ts-node:
        specifier: ^10.9.2
        version: 10.9.2(@types/node@22.10.7)(typescript@5.7.3)
      typescript:
        specifier: ^5.7.3
        version: 5.7.3

packages:

  '@anastasia-labs/cardano-multiplatform-lib-browser@6.0.2-2':
    resolution: {integrity: sha512-sSPPjO1Zye82YVqrUGIKrli/Zt2pPkZkQd/jv9k6AzjIZdNPD3hvuB2yH6RHeZUO8+K57bu9r7Rlyf7VGbhhTQ==}

  '@anastasia-labs/cardano-multiplatform-lib-browser@6.0.2-3':
    resolution: {integrity: sha512-EP5Kr21xPtfEuCM3lR5tCIUQpMQ4Moisig8zD9BqUmBhQr/2ddxuE+MWhBF6tqH1AepzeXqRuTD1ozvdRn49Bw==}

  '@anastasia-labs/cardano-multiplatform-lib-nodejs@6.0.2-2':
    resolution: {integrity: sha512-KLYHyJWtFsTUUbIVz9dn5GiCbI4Mrx5mRpDWXa3lVLWFKok6AkvYlyHk4OH4NNa4JBerrHTB6ZJrk75UgKAaMA==}

  '@anastasia-labs/cardano-multiplatform-lib-nodejs@6.0.2-3':
    resolution: {integrity: sha512-Jy7QKahRQJgX6OFeuQvPXO0ejKfT9cQ8m3PFLBhbM04jjzFnaxlJJJ5+7qNHe3xdy40fMbMMe2SgAYPJ4gZ2Xw==}

  '@cbor-extract/cbor-extract-darwin-arm64@2.2.0':
    resolution: {integrity: sha512-P7swiOAdF7aSi0H+tHtHtr6zrpF3aAq/W9FXx5HektRvLTM2O89xCyXF3pk7pLc7QpaY7AoaE8UowVf9QBdh3w==}
    cpu: [arm64]
    os: [darwin]

  '@cbor-extract/cbor-extract-darwin-x64@2.2.0':
    resolution: {integrity: sha512-1liF6fgowph0JxBbYnAS7ZlqNYLf000Qnj4KjqPNW4GViKrEql2MgZnAsExhY9LSy8dnvA4C0qHEBgPrll0z0w==}
    cpu: [x64]
    os: [darwin]

  '@cbor-extract/cbor-extract-linux-arm64@2.2.0':
    resolution: {integrity: sha512-rQvhNmDuhjTVXSPFLolmQ47/ydGOFXtbR7+wgkSY0bdOxCFept1hvg59uiLPT2fVDuJFuEy16EImo5tE2x3RsQ==}
    cpu: [arm64]
    os: [linux]

  '@cbor-extract/cbor-extract-linux-arm@2.2.0':
    resolution: {integrity: sha512-QeBcBXk964zOytiedMPQNZr7sg0TNavZeuUCD6ON4vEOU/25+pLhNN6EDIKJ9VLTKaZ7K7EaAriyYQ1NQ05s/Q==}
    cpu: [arm]
    os: [linux]

  '@cbor-extract/cbor-extract-linux-x64@2.2.0':
    resolution: {integrity: sha512-cWLAWtT3kNLHSvP4RKDzSTX9o0wvQEEAj4SKvhWuOVZxiDAeQazr9A+PSiRILK1VYMLeDml89ohxCnUNQNQNCw==}
    cpu: [x64]
    os: [linux]

  '@cbor-extract/cbor-extract-win32-x64@2.2.0':
    resolution: {integrity: sha512-l2M+Z8DO2vbvADOBNLbbh9y5ST1RY5sqkWOg/58GkUPBYou/cuNZ68SGQ644f1CvZ8kcOxyZtw06+dxWHIoN/w==}
    cpu: [x64]
    os: [win32]

  '@cspotcode/source-map-support@0.8.1':
    resolution: {integrity: sha512-IchNf6dN4tHoMFIn/7OE8LWZ19Y6q/67Bmf6vnGREv8RSbBVb9LPJxEcnwrcwX6ixSvaiGoomAUvu4YSxXrVgw==}
    engines: {node: '>=12'}

  '@effect/platform@0.71.7':
    resolution: {integrity: sha512-Ttw8OhbcP1x5cPgcX4VdnDSWrskVdUrf9bO3eDd++TTcQzEiYVu9GZJaSMvz6Yqzfzt+1tIKoKi2jp6dLdJ9dg==}
    peerDependencies:
      effect: ^3.11.10

  '@effect/schema@0.66.16':
    resolution: {integrity: sha512-sT/k5NOgKslGPzs3DUaCFuM6g2JQoIIT8jpwEorAZooplPIMK2xIspr7ECz6pp6Dc7Wz/ppXGk7HVyGZQsIYEQ==}
    peerDependencies:
      effect: ^3.1.3
      fast-check: ^3.13.2

  '@effect/schema@0.68.27':
    resolution: {integrity: sha512-/rmIb+4QaQTecdTfeYSZtNikIV+BeIbYDl/hpgBTaS96en7pKNW5hcygFQhdocjKguIL7Y/be+oUrVafWV60ew==}
    peerDependencies:
      effect: ^3.5.7

  '@emurgo/cardano-message-signing-browser@1.1.0':
    resolution: {integrity: sha512-LyeiGIqCyZu9DZnKsi4wlBjZA1MN+uy3Cqpb5J6RZWvFXDJnCoxrYB/EixUiGRD/la4WsldBgtPsrIHyGsVkpg==}

  '@emurgo/cardano-message-signing-nodejs@1.1.0':
    resolution: {integrity: sha512-PQRc8K8wZshEdmQenNUzVtiI8oJNF/1uAnBhidee5C4o1l2mDLOW+ur46HWHIFKQ6x8mSJTllcjMscHgzju0gQ==}

  '@harmoniclabs/bigint-utils@1.0.0':
    resolution: {integrity: sha512-OhZMHcdtH2hHKMlxWFHf71PmKHdoi9ARpjS9mUu0/cd8VWDDjT7VQoQwC5NN/68iyO4O5Dojrvrp9tjG5BDABA==}

  '@harmoniclabs/biguint@1.0.0':
    resolution: {integrity: sha512-5DyCIBDL4W+7ffR1IJSbGrCG4xEYxAlFH5gCNF42qtyL5ltwZ92Ae1MyXpHM2TUPy7ocSTqlLUsOdy+SvqVVPw==}

  '@harmoniclabs/bitstream@1.0.0':
    resolution: {integrity: sha512-Ed/I46IuCiytE5QiMmmUo9kPJcypM7OuUqoRaAXUALL5C6LKLpT6kYE1qeuhLkx2/WvkHT18jcOX6jhM/nmqoA==}

  '@harmoniclabs/bytestring@1.0.0':
    resolution: {integrity: sha512-d5m10O0okKc6QNX0pSRriFTkk/kNMnMBGbo5X3kEZwKaXTI4tDVoTZBL7bwbYHwOEdSxWJjVtlO9xtB7ZrYZNg==}

  '@harmoniclabs/cbor@1.5.0':
    resolution: {integrity: sha512-/TaUfh2POR88KJDtJvRokBgEu9QP+u3LSp92UenLizaFr9proKrb45jzC1IYeMvI9LWKo3zWtf6ea35TKq4ibQ==}

  '@harmoniclabs/crypto@0.2.5':
    resolution: {integrity: sha512-t2saWMFWBx8tOHotiYTTfQKhPGpWT4AMLXxq3u0apShVXNV0vgL0gEgSMudBjES/wrKByCqa2xmU70gadz26hA==}

  '@harmoniclabs/obj-utils@1.0.0':
    resolution: {integrity: sha512-EO1bQBZAORrutcP+leP5YNDwNd/9TOE23VEvs3ktniXg6w0knUrLjUIl2Pkcbs/D1VQxqmsNpXho+vaMj00qxA==}

  '@harmoniclabs/pair@1.0.0':
    resolution: {integrity: sha512-D9OBowsUsy1LctHxWzd9AngTzoo5x3rBiJ0gu579t41Q23pb+VNx1euEfluUEiaYbgljcl1lb/4D1fFTZd1tRQ==}

  '@harmoniclabs/plutus-data@1.2.4':
    resolution: {integrity: sha512-cpr6AnJRultH6PJRDriewHEgNLQs2IGLampZrLjmK5shzTsHICD0yD0Zig9eKdcS7dmY6mlzvSpAJWPGeTxbCA==}
    peerDependencies:
      '@harmoniclabs/bytestring': ^1.0.0
      '@harmoniclabs/cbor': ^1.3.0

  '@harmoniclabs/uint8array-utils@1.0.3':
    resolution: {integrity: sha512-MAOD0bGl3u4Ay98xRrNzwxu/UsI8oFsW/Gplry3KNUhmHhyeIH5NU+jtwtvlOYQH8eW5d6SdzqOTYWWQ7l0w+g==}

  '@harmoniclabs/uplc@1.4.0':
    resolution: {integrity: sha512-LV6E6sMN9y/xbsQiQnZ5SxFfGto3wmmeweA2KWB0Qs/Ga1gBQadtiec3W5T6Q4o1+2sPY6KeT4BH66Oh+WX2AQ==}
    peerDependencies:
      '@harmoniclabs/bytestring': ^1.0.0
      '@harmoniclabs/cbor': ^1.3.0
      '@harmoniclabs/crypto': ^0.2.4
      '@harmoniclabs/pair': ^1.0.0
      '@harmoniclabs/plutus-data': ^1.2.4

  '@jridgewell/resolve-uri@3.1.2':
    resolution: {integrity: sha512-bRISgCIjP20/tbWSPWMEi54QVPRZExkuD9lJL+UIxUKtwVJA8wW1Trb1jMs1RFXo1CBTNZ/5hpC9QvmKWdopKw==}
    engines: {node: '>=6.0.0'}

  '@jridgewell/sourcemap-codec@1.5.0':
    resolution: {integrity: sha512-gv3ZRaISU3fjPAgNsriBRqGWQL6quFx04YMPW/zD8XMLsU32mhCCbfbO6KZFLjvYpCZ8zyDEgqsgf+PwPaM7GQ==}

  '@jridgewell/trace-mapping@0.3.9':
    resolution: {integrity: sha512-3Belt6tdc8bPgAtbcmdtNJlirVoTmEb5e2gC94PnkwEW9jI6CAHUeoG85tjWP5WquqfavoMtMwiG4P926ZKKuQ==}

  '@lucid-evolution/core-types@0.1.21':
    resolution: {integrity: sha512-HPTU7eaWUNp1mmbbF46dyh6CLZNH8kLWyD1yu2OrPDWo5KfeF2EAXcnS3VsyjhjyFtzBLbsoQxjuy1j4jBY0zg==}

  '@lucid-evolution/core-utils@0.1.16':
    resolution: {integrity: sha512-fNKZiGl1h6tf48bji067uxHZpDlhkrIDrwhZLt5DQC/c6GVdZb4TSvqgs7MOmMqp1dj9dy6NDYWnCHeTqZAhJw==}

  '@lucid-evolution/crc8@0.1.8':
    resolution: {integrity: sha512-88+/S6n+sPgxYtG05rvbJDVb8MoFGzckkR3p26uGrzngYzlJGfxBWIzNhVwfI2mgINPo2C5lkZW3GYnfY0MjuA==}

  '@lucid-evolution/lucid@0.4.20':
    resolution: {integrity: sha512-/LGWdg9MLP7trmWlpsIlnCHnUNHRWOo32ntoL9UBYIRr2ahl/8Aoj3+WzmVKRQkT752sWp+AZ1TerNVeu772Zw==}

  '@lucid-evolution/plutus@0.1.28':
    resolution: {integrity: sha512-O8vOsed+U3dda32Y5iyvmnPUwuNR0K64RMow/fT+SUAcgDmTNVmXr63YG7lLrY165eC0DB/K6hsHMyqIF5DpBA==}

  '@lucid-evolution/provider@0.1.85':
    resolution: {integrity: sha512-a4t171fD2OO3SzFvlgjDDE9Npt47Kv6LYd0GkG3cjOM4ba5VZDnhXcfNn8lzidohm0HIFXLQ9Tytz9zDa8dFPw==}

  '@lucid-evolution/sign_data@0.1.24':
    resolution: {integrity: sha512-8K/FuSUYAffRB4JjjjAzjOUqUXDI+r3HyJIAETlJ8Kbo7SZe1IrX6bo82qjaK/WGK4w4kBcoheceWnnsiYPfrQ==}

  '@lucid-evolution/uplc@0.2.18':
    resolution: {integrity: sha512-TukA/1XnhrliAfwopPzX04t8j/7dfVygE9F55MypfibA+btZVOLJpe0VAFmr46HMcxecL/S63iOjuiRHNe+5bw==}

  '@lucid-evolution/utils@0.1.63':
    resolution: {integrity: sha512-oxdkIVo0O8/MufSN6d/EsnejDGvg4CNyGwdjzoLiq7MAgmSmz3Bwi2J6aezKCRMkPM12S4II0ZsNx0/EJmmKqA==}

  '@lucid-evolution/wallet@0.1.69':
    resolution: {integrity: sha512-CdqgfVmzJkRbj88676PDRj46fcWZhh6IuHSp0LH6On+brRCwAHXEXtHg8X07Cwlk6kYfm/1VxbPO9DIlt/FpFg==}

  '@noble/hashes@1.7.1':
    resolution: {integrity: sha512-B8XBPsn4vT/KJAGqDzbwztd+6Yte3P4V7iafm24bxgDe/mlRuK6xmWPuCNrKt2vDafZ8MfJLlchDG/vYafQEjQ==}
    engines: {node: ^14.21.3 || >=16}

  '@sinclair/typebox@0.32.35':
    resolution: {integrity: sha512-Ul3YyOTU++to8cgNkttakC0dWvpERr6RYoHO2W47DLbFvrwBDJUY31B1sImH6JZSYc4Kt4PyHtoPNu+vL2r2dA==}

  '@tsconfig/node10@1.0.11':
    resolution: {integrity: sha512-DcRjDCujK/kCk/cUe8Xz8ZSpm8mS3mNNpta+jGCA6USEDfktlNvm1+IuZ9eTcDbNk41BHwpHHeW+N1lKCz4zOw==}

  '@tsconfig/node12@1.0.11':
    resolution: {integrity: sha512-cqefuRsh12pWyGsIoBKJA9luFu3mRxCA+ORZvA4ktLSzIuCUtWVxGIuXigEwO5/ywWFMZ2QEGKWvkZG1zDMTag==}

  '@tsconfig/node14@1.0.3':
    resolution: {integrity: sha512-ysT8mhdixWK6Hw3i1V2AeRqZ5WfXg1G43mqoYlM2nc6388Fq5jcXyr5mRsqViLx/GJYdoL0bfXD8nmF+Zn/Iow==}

  '@tsconfig/node16@1.0.4':
    resolution: {integrity: sha512-vxhUy4J8lyeyinH7Azl1pdd43GJhZH/tP2weN8TntQblOY+A0XbT8DJk1/oCPuOOyg/Ja757rG0CgHcWC8OfMA==}

  '@types/node@22.10.7':
    resolution: {integrity: sha512-V09KvXxFiutGp6B7XkpaDXlNadZxrzajcY50EuoLIpQ6WWYCSvf19lVIazzfIzQvhUN2HjX12spLojTnhuKlGg==}

  acorn-walk@8.3.4:
    resolution: {integrity: sha512-ueEepnujpqee2o5aIYnvHU6C0A42MNdsIDeqy5BydrkuC5R1ZuUFnm27EeFJGoEHJQgn3uleRvmTXaJgfXbt4g==}
    engines: {node: '>=0.4.0'}

  acorn@8.14.0:
    resolution: {integrity: sha512-cl669nCJTZBsL97OF4kUQm5g5hC2uihk0NxY3WENAC0TYdILVkAyHymAntgxGkl7K+t0cXIrH5siy5S4XkFycA==}
    engines: {node: '>=0.4.0'}
    hasBin: true

  arg@4.1.3:
    resolution: {integrity: sha512-58S9QDqG0Xx27YwPSt9fJxivjYl432YCwfDMfZ+71RAqUrZef7LrKQZ3LHLOwCS4FLNBplP533Zx895SeOCHvA==}

  bip39@3.1.0:
    resolution: {integrity: sha512-c9kiwdk45Do5GL0vJMe7tS95VjCii65mYAH7DfWl3uW8AVzXKQVUm64i3hzVybBDMp9r7j9iNxR85+ul8MdN/A==}

  cbor-extract@2.2.0:
    resolution: {integrity: sha512-Ig1zM66BjLfTXpNgKpvBePq271BPOvu8MR0Jl080yG7Jsl+wAZunfrwiwA+9ruzm/WEdIV5QF/bjDZTqyAIVHA==}
    hasBin: true

  cbor-x@1.6.0:
    resolution: {integrity: sha512-0kareyRwHSkL6ws5VXHEf8uY1liitysCVJjlmhaLG+IXLqhSaOO+t63coaso7yjwEzWZzLy8fJo06gZDVQM9Qg==}

  create-require@1.1.1:
    resolution: {integrity: sha512-dcKFX3jn0MpIaXjisoRvexIJVEKzaq7z2rZKxf+MSr9TkdmHmsU4m2lcLojrj/FHl8mk5VxMmYA+ftRkP/3oKQ==}

  detect-libc@2.0.3:
    resolution: {integrity: sha512-bwy0MGW55bG41VqxxypOsdSdGqLwXPI/focwgTYCFMbdUiBAxLg9CFzG08sz2aqzknwiX7Hkl0bQENjg8iLByw==}
    engines: {node: '>=8'}

  diff@4.0.2:
    resolution: {integrity: sha512-58lmxKSA4BNyLz+HHMUzlOEpg09FV+ev6ZMe3vJihgdxzgcwZ8VoEEPmALCZG9LmqfVoNMMKpttIYTVG6uDY7A==}
    engines: {node: '>=0.3.1'}

  effect@3.12.5:
    resolution: {integrity: sha512-hP+ev9NTjYcvySbPOOgrYiwCYxiIcjuvtR8WXMoSZEZEshOyQlDwgo1Z56kVezv1rTxz20PEGVqZGlXwxe6Ofw==}

  fast-check@3.23.2:
    resolution: {integrity: sha512-h5+1OzzfCC3Ef7VbtKdcv7zsstUQwUDlYpUTvjeUsJAssPgLn7QzbboPtL5ro04Mq0rPOsMzl7q5hIbRs2wD1A==}
    engines: {node: '>=8.0.0'}

  find-my-way-ts@0.1.5:
    resolution: {integrity: sha512-4GOTMrpGQVzsCH2ruUn2vmwzV/02zF4q+ybhCIrw/Rkt3L8KWcycdC6aJMctJzwN4fXD4SD5F/4B9Sksh5rE0A==}

  make-error@1.3.6:
    resolution: {integrity: sha512-s8UhlNe7vPKomQhC1qFelMokr/Sc3AgNbso3n74mVPA5LTZwkB9NlXf4XPamLxJE8h0gh73rM94xvwRT2CVInw==}

  multipasta@0.2.5:
    resolution: {integrity: sha512-c8eMDb1WwZcE02WVjHoOmUVk7fnKU/RmUcosHACglrWAuPQsEJv+E8430sXj6jNc1jHw0zrS16aCjQh4BcEb4A==}

  node-gyp-build-optional-packages@5.1.1:
    resolution: {integrity: sha512-+P72GAjVAbTxjjwUmwjVrqrdZROD4nf8KgpBoDxqXXTiYZZt/ud60dE5yvCSr9lRO8e8yv6kgJIC0K0PfZFVQw==}
    hasBin: true

  pure-rand@6.1.0:
    resolution: {integrity: sha512-bVWawvoZoBYpp6yIoQtQXHZjmz35RSVHnUOTefl8Vcjr8snTPY1wnpSPMWekcFwbxI6gtmT7rSYPFvz71ldiOA==}

  ts-node@10.9.2:
    resolution: {integrity: sha512-f0FFpIdcHgn8zcPSbf1dRevwt047YMnaiJM3u2w2RewrB+fob/zePZcrOyQoLMMO7aBIddLcQIEK5dYjkLnGrQ==}
    hasBin: true
    peerDependencies:
      '@swc/core': '>=1.2.50'
      '@swc/wasm': '>=1.2.50'
      '@types/node': '*'
      typescript: '>=2.7'
    peerDependenciesMeta:
      '@swc/core':
        optional: true
      '@swc/wasm':
        optional: true

  typescript@5.7.3:
    resolution: {integrity: sha512-84MVSjMEHP+FQRPy3pX9sTVV/INIex71s9TL2Gm5FG/WG1SqXeKyZ0k7/blY/4FdOzI12CBy1vGc4og/eus0fw==}
    engines: {node: '>=14.17'}
    hasBin: true

  undici-types@6.20.0:
    resolution: {integrity: sha512-Ny6QZ2Nju20vw1SRHe3d9jVu6gJ+4e3+MMpqu7pqE5HT6WsTSlce++GQmK5UXS8mzV8DSYHrQH+Xrf2jVcuKNg==}

  v8-compile-cache-lib@3.0.1:
    resolution: {integrity: sha512-wa7YjyUGfNZngI/vtK0UHAN+lgDCxBPCylVXGp0zu59Fz5aiGtNXaq3DhIov063MorB+VfufLh3JlF2KdTK3xg==}

  yn@3.1.1:
    resolution: {integrity: sha512-Ux4ygGWsu2c7isFWe8Yu1YluJmqVhxqK2cLXNQA5AcC3QfbGNpM7fu0Y8b/z16pXLnFxZYvWhd3fhBY9DLmC6Q==}
    engines: {node: '>=6'}

snapshots:

  '@anastasia-labs/cardano-multiplatform-lib-browser@6.0.2-2': {}

  '@anastasia-labs/cardano-multiplatform-lib-browser@6.0.2-3': {}

  '@anastasia-labs/cardano-multiplatform-lib-nodejs@6.0.2-2': {}

  '@anastasia-labs/cardano-multiplatform-lib-nodejs@6.0.2-3': {}

  '@cbor-extract/cbor-extract-darwin-arm64@2.2.0':
    optional: true

  '@cbor-extract/cbor-extract-darwin-x64@2.2.0':
    optional: true

  '@cbor-extract/cbor-extract-linux-arm64@2.2.0':
    optional: true

  '@cbor-extract/cbor-extract-linux-arm@2.2.0':
    optional: true

  '@cbor-extract/cbor-extract-linux-x64@2.2.0':
    optional: true

  '@cbor-extract/cbor-extract-win32-x64@2.2.0':
    optional: true

  '@cspotcode/source-map-support@0.8.1':
    dependencies:
      '@jridgewell/trace-mapping': 0.3.9

  '@effect/platform@0.71.7(effect@3.12.5)':
    dependencies:
      effect: 3.12.5
      find-my-way-ts: 0.1.5
      multipasta: 0.2.5

  '@effect/schema@0.66.16(effect@3.12.5)(fast-check@3.23.2)':
    dependencies:
      effect: 3.12.5
      fast-check: 3.23.2

  '@effect/schema@0.68.27(effect@3.12.5)':
    dependencies:
      effect: 3.12.5
      fast-check: 3.23.2

  '@emurgo/cardano-message-signing-browser@1.1.0': {}

  '@emurgo/cardano-message-signing-nodejs@1.1.0': {}

  '@harmoniclabs/bigint-utils@1.0.0':
    dependencies:
      '@harmoniclabs/uint8array-utils': 1.0.3

  '@harmoniclabs/biguint@1.0.0': {}

  '@harmoniclabs/bitstream@1.0.0':
    dependencies:
      '@harmoniclabs/uint8array-utils': 1.0.3

  '@harmoniclabs/bytestring@1.0.0':
    dependencies:
      '@harmoniclabs/uint8array-utils': 1.0.3

  '@harmoniclabs/cbor@1.5.0':
    dependencies:
      '@harmoniclabs/bytestring': 1.0.0
      '@harmoniclabs/obj-utils': 1.0.0
      '@harmoniclabs/uint8array-utils': 1.0.3

  '@harmoniclabs/crypto@0.2.5':
    dependencies:
      '@harmoniclabs/bitstream': 1.0.0
      '@harmoniclabs/uint8array-utils': 1.0.3

  '@harmoniclabs/obj-utils@1.0.0': {}

  '@harmoniclabs/pair@1.0.0': {}

  '@harmoniclabs/plutus-data@1.2.4(@harmoniclabs/bytestring@1.0.0)(@harmoniclabs/cbor@1.5.0)':
    dependencies:
      '@harmoniclabs/biguint': 1.0.0
      '@harmoniclabs/bytestring': 1.0.0
      '@harmoniclabs/cbor': 1.5.0
      '@harmoniclabs/crypto': 0.2.5
      '@harmoniclabs/uint8array-utils': 1.0.3

  '@harmoniclabs/uint8array-utils@1.0.3': {}

  '@harmoniclabs/uplc@1.4.0(@harmoniclabs/bytestring@1.0.0)(@harmoniclabs/cbor@1.5.0)(@harmoniclabs/crypto@0.2.5)(@harmoniclabs/pair@1.0.0)(@harmoniclabs/plutus-data@1.2.4(@harmoniclabs/bytestring@1.0.0)(@harmoniclabs/cbor@1.5.0))':
    dependencies:
      '@harmoniclabs/bigint-utils': 1.0.0
      '@harmoniclabs/bytestring': 1.0.0
      '@harmoniclabs/cbor': 1.5.0
      '@harmoniclabs/crypto': 0.2.5
      '@harmoniclabs/pair': 1.0.0
      '@harmoniclabs/plutus-data': 1.2.4(@harmoniclabs/bytestring@1.0.0)(@harmoniclabs/cbor@1.5.0)
      '@harmoniclabs/uint8array-utils': 1.0.3

  '@jridgewell/resolve-uri@3.1.2': {}

  '@jridgewell/sourcemap-codec@1.5.0': {}

  '@jridgewell/trace-mapping@0.3.9':
    dependencies:
      '@jridgewell/resolve-uri': 3.1.2
      '@jridgewell/sourcemap-codec': 1.5.0

  '@lucid-evolution/core-types@0.1.21':
    dependencies:
      '@anastasia-labs/cardano-multiplatform-lib-browser': 6.0.2-2
      '@anastasia-labs/cardano-multiplatform-lib-nodejs': 6.0.2-2

  '@lucid-evolution/core-utils@0.1.16':
    dependencies:
      '@anastasia-labs/cardano-multiplatform-lib-browser': 6.0.2-2
      '@anastasia-labs/cardano-multiplatform-lib-nodejs': 6.0.2-2

  '@lucid-evolution/crc8@0.1.8': {}

  '@lucid-evolution/lucid@0.4.20(@harmoniclabs/bytestring@1.0.0)(@harmoniclabs/cbor@1.5.0)(@harmoniclabs/crypto@0.2.5)(@harmoniclabs/pair@1.0.0)(fast-check@3.23.2)':
    dependencies:
      '@anastasia-labs/cardano-multiplatform-lib-browser': 6.0.2-3
      '@anastasia-labs/cardano-multiplatform-lib-nodejs': 6.0.2-3
      '@effect/schema': 0.66.16(effect@3.12.5)(fast-check@3.23.2)
      '@emurgo/cardano-message-signing-nodejs': 1.1.0
      '@lucid-evolution/core-types': 0.1.21
      '@lucid-evolution/core-utils': 0.1.16
      '@lucid-evolution/plutus': 0.1.28
      '@lucid-evolution/provider': 0.1.85(@harmoniclabs/bytestring@1.0.0)(@harmoniclabs/cbor@1.5.0)(@harmoniclabs/crypto@0.2.5)(@harmoniclabs/pair@1.0.0)
      '@lucid-evolution/sign_data': 0.1.24
      '@lucid-evolution/uplc': 0.2.18
      '@lucid-evolution/utils': 0.1.63(@harmoniclabs/bytestring@1.0.0)(@harmoniclabs/cbor@1.5.0)(@harmoniclabs/crypto@0.2.5)(@harmoniclabs/pair@1.0.0)
      '@lucid-evolution/wallet': 0.1.69(@harmoniclabs/bytestring@1.0.0)(@harmoniclabs/cbor@1.5.0)(@harmoniclabs/crypto@0.2.5)(@harmoniclabs/pair@1.0.0)
      effect: 3.12.5
    transitivePeerDependencies:
      - '@harmoniclabs/bytestring'
      - '@harmoniclabs/cbor'
      - '@harmoniclabs/crypto'
      - '@harmoniclabs/pair'
      - fast-check

  '@lucid-evolution/plutus@0.1.28':
    dependencies:
      '@anastasia-labs/cardano-multiplatform-lib-browser': 6.0.2-2
      '@anastasia-labs/cardano-multiplatform-lib-nodejs': 6.0.2-2
      '@lucid-evolution/core-types': 0.1.21
      '@lucid-evolution/core-utils': 0.1.16
      '@sinclair/typebox': 0.32.35

  '@lucid-evolution/provider@0.1.85(@harmoniclabs/bytestring@1.0.0)(@harmoniclabs/cbor@1.5.0)(@harmoniclabs/crypto@0.2.5)(@harmoniclabs/pair@1.0.0)':
    dependencies:
      '@anastasia-labs/cardano-multiplatform-lib-browser': 6.0.2-3
      '@anastasia-labs/cardano-multiplatform-lib-nodejs': 6.0.2-3
      '@effect/platform': 0.71.7(effect@3.12.5)
      '@effect/schema': 0.68.27(effect@3.12.5)
      '@lucid-evolution/core-types': 0.1.21
      '@lucid-evolution/core-utils': 0.1.16
      '@lucid-evolution/utils': 0.1.63(@harmoniclabs/bytestring@1.0.0)(@harmoniclabs/cbor@1.5.0)(@harmoniclabs/crypto@0.2.5)(@harmoniclabs/pair@1.0.0)
      '@lucid-evolution/wallet': 0.1.69(@harmoniclabs/bytestring@1.0.0)(@harmoniclabs/cbor@1.5.0)(@harmoniclabs/crypto@0.2.5)(@harmoniclabs/pair@1.0.0)
      effect: 3.12.5
    transitivePeerDependencies:
      - '@harmoniclabs/bytestring'
      - '@harmoniclabs/cbor'
      - '@harmoniclabs/crypto'
      - '@harmoniclabs/pair'

  '@lucid-evolution/sign_data@0.1.24':
    dependencies:
      '@anastasia-labs/cardano-multiplatform-lib-browser': 6.0.2-2
      '@anastasia-labs/cardano-multiplatform-lib-nodejs': 6.0.2-2
      '@emurgo/cardano-message-signing-browser': 1.1.0
      '@emurgo/cardano-message-signing-nodejs': 1.1.0
      '@lucid-evolution/core-types': 0.1.21
      '@lucid-evolution/core-utils': 0.1.16

  '@lucid-evolution/uplc@0.2.18': {}

  '@lucid-evolution/utils@0.1.63(@harmoniclabs/bytestring@1.0.0)(@harmoniclabs/cbor@1.5.0)(@harmoniclabs/crypto@0.2.5)(@harmoniclabs/pair@1.0.0)':
    dependencies:
      '@anastasia-labs/cardano-multiplatform-lib-browser': 6.0.2-3
      '@anastasia-labs/cardano-multiplatform-lib-nodejs': 6.0.2-3
      '@effect/schema': 0.68.27(effect@3.12.5)
      '@harmoniclabs/plutus-data': 1.2.4(@harmoniclabs/bytestring@1.0.0)(@harmoniclabs/cbor@1.5.0)
      '@harmoniclabs/uplc': 1.4.0(@harmoniclabs/bytestring@1.0.0)(@harmoniclabs/cbor@1.5.0)(@harmoniclabs/crypto@0.2.5)(@harmoniclabs/pair@1.0.0)(@harmoniclabs/plutus-data@1.2.4(@harmoniclabs/bytestring@1.0.0)(@harmoniclabs/cbor@1.5.0))
      '@lucid-evolution/core-types': 0.1.21
      '@lucid-evolution/core-utils': 0.1.16
      '@lucid-evolution/crc8': 0.1.8
      '@lucid-evolution/plutus': 0.1.28
      '@lucid-evolution/uplc': 0.2.18
      bip39: 3.1.0
      cbor-x: 1.6.0
      effect: 3.12.5
    transitivePeerDependencies:
      - '@harmoniclabs/bytestring'
      - '@harmoniclabs/cbor'
      - '@harmoniclabs/crypto'
      - '@harmoniclabs/pair'

  '@lucid-evolution/wallet@0.1.69(@harmoniclabs/bytestring@1.0.0)(@harmoniclabs/cbor@1.5.0)(@harmoniclabs/crypto@0.2.5)(@harmoniclabs/pair@1.0.0)':
    dependencies:
      '@anastasia-labs/cardano-multiplatform-lib-browser': 6.0.2-3
      '@anastasia-labs/cardano-multiplatform-lib-nodejs': 6.0.2-3
      '@lucid-evolution/core-types': 0.1.21
      '@lucid-evolution/core-utils': 0.1.16
      '@lucid-evolution/sign_data': 0.1.24
      '@lucid-evolution/utils': 0.1.63(@harmoniclabs/bytestring@1.0.0)(@harmoniclabs/cbor@1.5.0)(@harmoniclabs/crypto@0.2.5)(@harmoniclabs/pair@1.0.0)
      bip39: 3.1.0
    transitivePeerDependencies:
      - '@harmoniclabs/bytestring'
      - '@harmoniclabs/cbor'
      - '@harmoniclabs/crypto'
      - '@harmoniclabs/pair'

  '@noble/hashes@1.7.1': {}

  '@sinclair/typebox@0.32.35': {}

  '@tsconfig/node10@1.0.11': {}

  '@tsconfig/node12@1.0.11': {}

  '@tsconfig/node14@1.0.3': {}

  '@tsconfig/node16@1.0.4': {}

  '@types/node@22.10.7':
    dependencies:
      undici-types: 6.20.0

  acorn-walk@8.3.4:
    dependencies:
      acorn: 8.14.0

  acorn@8.14.0: {}

  arg@4.1.3: {}

  bip39@3.1.0:
    dependencies:
      '@noble/hashes': 1.7.1

  cbor-extract@2.2.0:
    dependencies:
      node-gyp-build-optional-packages: 5.1.1
    optionalDependencies:
      '@cbor-extract/cbor-extract-darwin-arm64': 2.2.0
      '@cbor-extract/cbor-extract-darwin-x64': 2.2.0
      '@cbor-extract/cbor-extract-linux-arm': 2.2.0
      '@cbor-extract/cbor-extract-linux-arm64': 2.2.0
      '@cbor-extract/cbor-extract-linux-x64': 2.2.0
      '@cbor-extract/cbor-extract-win32-x64': 2.2.0
    optional: true

  cbor-x@1.6.0:
    optionalDependencies:
      cbor-extract: 2.2.0

  create-require@1.1.1: {}

  detect-libc@2.0.3:
    optional: true

  diff@4.0.2: {}

  effect@3.12.5:
    dependencies:
      fast-check: 3.23.2

  fast-check@3.23.2:
    dependencies:
      pure-rand: 6.1.0

  find-my-way-ts@0.1.5: {}

  make-error@1.3.6: {}

  multipasta@0.2.5: {}

  node-gyp-build-optional-packages@5.1.1:
    dependencies:
      detect-libc: 2.0.3
    optional: true

  pure-rand@6.1.0: {}

  ts-node@10.9.2(@types/node@22.10.7)(typescript@5.7.3):
    dependencies:
      '@cspotcode/source-map-support': 0.8.1
      '@tsconfig/node10': 1.0.11
      '@tsconfig/node12': 1.0.11
      '@tsconfig/node14': 1.0.3
      '@tsconfig/node16': 1.0.4
      '@types/node': 22.10.7
      acorn: 8.14.0
      acorn-walk: 8.3.4
      arg: 4.1.3
      create-require: 1.1.1
      diff: 4.0.2
      make-error: 1.3.6
      typescript: 5.7.3
      v8-compile-cache-lib: 3.0.1
      yn: 3.1.1

  typescript@5.7.3: {}

  undici-types@6.20.0: {}

  v8-compile-cache-lib@3.0.1: {}

  yn@3.1.1: {}
